// !$*UTF8*$!
{
	archiveVersion = 1;
	classes = {
	};
	objectVersion = 56;
	objects = {

/* Begin PBXBuildFile section */
		37E417472DCC88CC00DB42E0 /* CBDemoApp.swift in Sources */ = {isa = PBXBuildFile; fileRef = 37E417462DCC88CC00DB42E0 /* CBDemoApp.swift */; };
		37E417492DCC88CC00DB42E0 /* ContentView.swift in Sources */ = {isa = PBXBuildFile; fileRef = 37E417482DCC88CC00DB42E0 /* ContentView.swift */; };
		37E4174B2DCC88CD00DB42E0 /* Assets.xcassets in Resources */ = {isa = PBXBuildFile; fileRef = 37E4174A2DCC88CD00DB42E0 /* Assets.xcassets */; };
		37E4174E2DCC88CD00DB42E0 /* Preview Assets.xcassets in Resources */ = {isa = PBXBuildFile; fileRef = 37E4174D2DCC88CD00DB42E0 /* Preview Assets.xcassets */; };
		37E417582DCC88CD00DB42E0 /* CBDemoTests.swift in Sources */ = {isa = PBXBuildFile; fileRef = 37E417572DCC88CD00DB42E0 /* CBDemoTests.swift */; };
		37E417622DCC88CD00DB42E0 /* CBDemoUITests.swift in Sources */ = {isa = PBXBuildFile; fileRef = 37E417612DCC88CD00DB42E0 /* CBDemoUITests.swift */; };
		37E417642DCC88CD00DB42E0 /* CBDemoUITestsLaunchTests.swift in Sources */ = {isa = PBXBuildFile; fileRef = 37E417632DCC88CD00DB42E0 /* CBDemoUITestsLaunchTests.swift */; };
		37E417722DCC8C5C00DB42E0 /* BluetoothSerial.swift in Sources */ = {isa = PBXBuildFile; fileRef = 37E417712DCC8C5C00DB42E0 /* BluetoothSerial.swift */; };
		37E417742DCC92DA00DB42E0 /* ScanView.swift in Sources */ = {isa = PBXBuildFile; fileRef = 37E417732DCC92DA00DB42E0 /* ScanView.swift */; };
		37E417762DCC94EC00DB42E0 /* ScanTableViewCell.swift in Sources */ = {isa = PBXBuildFile; fileRef = 37E417752DCC94EC00DB42E0 /* ScanTableViewCell.swift */; };
		37E4177A2DCD786B00DB42E0 /* ScanViewController.swift in Sources */ = {isa = PBXBuildFile; fileRef = 37E417792DCD786A00DB42E0 /* ScanViewController.swift */; };
/* End PBXBuildFile section */

/* Begin PBXContainerItemProxy section */
		37E417542DCC88CD00DB42E0 /* PBXContainerItemProxy */ = {
			isa = PBXContainerItemProxy;
			containerPortal = 37E4173B2DCC88CC00DB42E0 /* Project object */;
			proxyType = 1;
			remoteGlobalIDString = 37E417422DCC88CC00DB42E0;
			remoteInfo = CBDemo;
		};
		37E4175E2DCC88CD00DB42E0 /* PBXContainerItemProxy */ = {
			isa = PBXContainerItemProxy;
			containerPortal = 37E4173B2DCC88CC00DB42E0 /* Project object */;
			proxyType = 1;
			remoteGlobalIDString = 37E417422DCC88CC00DB42E0;
			remoteInfo = CBDemo;
		};
/* End PBXContainerItemProxy section */

/* Begin PBXFileReference section */
		37E417432DCC88CC00DB42E0 /* CBDemo.app */ = {isa = PBXFileReference; explicitFileType = wrapper.application; includeInIndex = 0; path = CBDemo.app; sourceTree = BUILT_PRODUCTS_DIR; };
		37E417462DCC88CC00DB42E0 /* CBDemoApp.swift */ = {isa = PBXFileReference; lastKnownFileType = sourcecode.swift; path = CBDemoApp.swift; sourceTree = "<group>"; };
		37E417482DCC88CC00DB42E0 /* ContentView.swift */ = {isa = PBXFileReference; lastKnownFileType = sourcecode.swift; path = ContentView.swift; sourceTree = "<group>"; };
		37E4174A2DCC88CD00DB42E0 /* Assets.xcassets */ = {isa = PBXFileReference; lastKnownFileType = folder.assetcatalog; path = Assets.xcassets; sourceTree = "<group>"; };
		37E4174D2DCC88CD00DB42E0 /* Preview Assets.xcassets */ = {isa = PBXFileReference; lastKnownFileType = folder.assetcatalog; path = "Preview Assets.xcassets"; sourceTree = "<group>"; };
		37E417532DCC88CD00DB42E0 /* CBDemoTests.xctest */ = {isa = PBXFileReference; explicitFileType = wrapper.cfbundle; includeInIndex = 0; path = CBDemoTests.xctest; sourceTree = BUILT_PRODUCTS_DIR; };
		37E417572DCC88CD00DB42E0 /* CBDemoTests.swift */ = {isa = PBXFileReference; lastKnownFileType = sourcecode.swift; path = CBDemoTests.swift; sourceTree = "<group>"; };
		37E4175D2DCC88CD00DB42E0 /* CBDemoUITests.xctest */ = {isa = PBXFileReference; explicitFileType = wrapper.cfbundle; includeInIndex = 0; path = CBDemoUITests.xctest; sourceTree = BUILT_PRODUCTS_DIR; };
		37E417612DCC88CD00DB42E0 /* CBDemoUITests.swift */ = {isa = PBXFileReference; lastKnownFileType = sourcecode.swift; path = CBDemoUITests.swift; sourceTree = "<group>"; };
		37E417632DCC88CD00DB42E0 /* CBDemoUITestsLaunchTests.swift */ = {isa = PBXFileReference; lastKnownFileType = sourcecode.swift; path = CBDemoUITestsLaunchTests.swift; sourceTree = "<group>"; };
		37E417712DCC8C5C00DB42E0 /* BluetoothSerial.swift */ = {isa = PBXFileReference; lastKnownFileType = sourcecode.swift; path = BluetoothSerial.swift; sourceTree = "<group>"; };
		37E417732DCC92DA00DB42E0 /* ScanView.swift */ = {isa = PBXFileReference; lastKnownFileType = sourcecode.swift; path = ScanView.swift; sourceTree = "<group>"; };
		37E417752DCC94EC00DB42E0 /* ScanTableViewCell.swift */ = {isa = PBXFileReference; lastKnownFileType = sourcecode.swift; path = ScanTableViewCell.swift; sourceTree = "<group>"; };
		37E417792DCD786A00DB42E0 /* ScanViewController.swift */ = {isa = PBXFileReference; lastKnownFileType = sourcecode.swift; path = ScanViewController.swift; sourceTree = "<group>"; };
/* End PBXFileReference section */

/* Begin PBXFrameworksBuildPhase section */
		37E417402DCC88CC00DB42E0 /* Frameworks */ = {
			isa = PBXFrameworksBuildPhase;
			buildActionMask = 2147483647;
			files = (
			);
			runOnlyForDeploymentPostprocessing = 0;
		};
		37E417502DCC88CD00DB42E0 /* Frameworks */ = {
			isa = PBXFrameworksBuildPhase;
			buildActionMask = 2147483647;
			files = (
			);
			runOnlyForDeploymentPostprocessing = 0;
		};
		37E4175A2DCC88CD00DB42E0 /* Frameworks */ = {
			isa = PBXFrameworksBuildPhase;
			buildActionMask = 2147483647;
			files = (
			);
			runOnlyForDeploymentPostprocessing = 0;
		};
/* End PBXFrameworksBuildPhase section */

/* Begin PBXGroup section */
		37E4173A2DCC88CC00DB42E0 = {
			isa = PBXGroup;
			children = (
				37E417452DCC88CC00DB42E0 /* CBDemo */,
				37E417562DCC88CD00DB42E0 /* CBDemoTests */,
				37E417602DCC88CD00DB42E0 /* CBDemoUITests */,
				37E417442DCC88CC00DB42E0 /* Products */,
			);
			sourceTree = "<group>";
		};
		37E417442DCC88CC00DB42E0 /* Products */ = {
			isa = PBXGroup;
			children = (
				37E417432DCC88CC00DB42E0 /* CBDemo.app */,
				37E417532DCC88CD00DB42E0 /* CBDemoTests.xctest */,
				37E4175D2DCC88CD00DB42E0 /* CBDemoUITests.xctest */,
			);
			name = Products;
			sourceTree = "<group>";
		};
		37E417452DCC88CC00DB42E0 /* CBDemo */ = {
			isa = PBXGroup;
			children = (
				37E417462DCC88CC00DB42E0 /* CBDemoApp.swift */,
				37E417482DCC88CC00DB42E0 /* ContentView.swift */,
				37E417732DCC92DA00DB42E0 /* ScanView.swift */,
				37E417792DCD786A00DB42E0 /* ScanViewController.swift */,
				37E417752DCC94EC00DB42E0 /* ScanTableViewCell.swift */,
				37E417702DCC8C4600DB42E0 /* CBLib */,
				37E4174A2DCC88CD00DB42E0 /* Assets.xcassets */,
				37E4174C2DCC88CD00DB42E0 /* Preview Content */,
			);
			path = CBDemo;
			sourceTree = "<group>";
		};
		37E4174C2DCC88CD00DB42E0 /* Preview Content */ = {
			isa = PBXGroup;
			children = (
				37E4174D2DCC88CD00DB42E0 /* Preview Assets.xcassets */,
			);
			path = "Preview Content";
			sourceTree = "<group>";
		};
		37E417562DCC88CD00DB42E0 /* CBDemoTests */ = {
			isa = PBXGroup;
			children = (
				37E417572DCC88CD00DB42E0 /* CBDemoTests.swift */,
			);
			path = CBDemoTests;
			sourceTree = "<group>";
		};
		37E417602DCC88CD00DB42E0 /* CBDemoUITests */ = {
			isa = PBXGroup;
			children = (
				37E417612DCC88CD00DB42E0 /* CBDemoUITests.swift */,
				37E417632DCC88CD00DB42E0 /* CBDemoUITestsLaunchTests.swift */,
			);
			path = CBDemoUITests;
			sourceTree = "<group>";
		};
		37E417702DCC8C4600DB42E0 /* CBLib */ = {
			isa = PBXGroup;
			children = (
				37E417712DCC8C5C00DB42E0 /* BluetoothSerial.swift */,
			);
			path = CBLib;
			sourceTree = "<group>";
		};
/* End PBXGroup section */

/* Begin PBXNativeTarget section */
		37E417422DCC88CC00DB42E0 /* CBDemo */ = {
			isa = PBXNativeTarget;
			buildConfigurationList = 37E417672DCC88CD00DB42E0 /* Build configuration list for PBXNativeTarget "CBDemo" */;
			buildPhases = (
				37E4173F2DCC88CC00DB42E0 /* Sources */,
				37E417402DCC88CC00DB42E0 /* Frameworks */,
				37E417412DCC88CC00DB42E0 /* Resources */,
			);
			buildRules = (
			);
			dependencies = (
			);
			name = CBDemo;
			productName = CBDemo;
			productReference = 37E417432DCC88CC00DB42E0 /* CBDemo.app */;
			productType = "com.apple.product-type.application";
		};
		37E417522DCC88CD00DB42E0 /* CBDemoTests */ = {
			isa = PBXNativeTarget;
			buildConfigurationList = 37E4176A2DCC88CD00DB42E0 /* Build configuration list for PBXNativeTarget "CBDemoTests" */;
			buildPhases = (
				37E4174F2DCC88CD00DB42E0 /* Sources */,
				37E417502DCC88CD00DB42E0 /* Frameworks */,
				37E417512DCC88CD00DB42E0 /* Resources */,
			);
			buildRules = (
			);
			dependencies = (
				37E417552DCC88CD00DB42E0 /* PBXTargetDependency */,
			);
			name = CBDemoTests;
			productName = CBDemoTests;
			productReference = 37E417532DCC88CD00DB42E0 /* CBDemoTests.xctest */;
			productType = "com.apple.product-type.bundle.unit-test";
		};
		37E4175C2DCC88CD00DB42E0 /* CBDemoUITests */ = {
			isa = PBXNativeTarget;
			buildConfigurationList = 37E4176D2DCC88CD00DB42E0 /* Build configuration list for PBXNativeTarget "CBDemoUITests" */;
			buildPhases = (
				37E417592DCC88CD00DB42E0 /* Sources */,
				37E4175A2DCC88CD00DB42E0 /* Frameworks */,
				37E4175B2DCC88CD00DB42E0 /* Resources */,
			);
			buildRules = (
			);
			dependencies = (
				37E4175F2DCC88CD00DB42E0 /* PBXTargetDependency */,
			);
			name = CBDemoUITests;
			productName = CBDemoUITests;
			productReference = 37E4175D2DCC88CD00DB42E0 /* CBDemoUITests.xctest */;
			productType = "com.apple.product-type.bundle.ui-testing";
		};
/* End PBXNativeTarget section */

/* Begin PBXProject section */
		37E4173B2DCC88CC00DB42E0 /* Project object */ = {
			isa = PBXProject;
			attributes = {
				BuildIndependentTargetsInParallel = 1;
				LastSwiftUpdateCheck = 1530;
				LastUpgradeCheck = 1530;
				TargetAttributes = {
					37E417422DCC88CC00DB42E0 = {
						CreatedOnToolsVersion = 15.3;
					};
					37E417522DCC88CD00DB42E0 = {
						CreatedOnToolsVersion = 15.3;
						TestTargetID = 37E417422DCC88CC00DB42E0;
					};
					37E4175C2DCC88CD00DB42E0 = {
						CreatedOnToolsVersion = 15.3;
						TestTargetID = 37E417422DCC88CC00DB42E0;
					};
				};
			};
			buildConfigurationList = 37E4173E2DCC88CC00DB42E0 /* Build configuration list for PBXProject "CBDemo" */;
			compatibilityVersion = "Xcode 14.0";
			developmentRegion = en;
			hasScannedForEncodings = 0;
			knownRegions = (
				en,
				Base,
			);
			mainGroup = 37E4173A2DCC88CC00DB42E0;
			productRefGroup = 37E417442DCC88CC00DB42E0 /* Products */;
			projectDirPath = "";
			projectRoot = "";
			targets = (
				37E417422DCC88CC00DB42E0 /* CBDemo */,
				37E417522DCC88CD00DB42E0 /* CBDemoTests */,
				37E4175C2DCC88CD00DB42E0 /* CBDemoUITests */,
			);
		};
/* End PBXProject section */

/* Begin PBXResourcesBuildPhase section */
		37E417412DCC88CC00DB42E0 /* Resources */ = {
			isa = PBXResourcesBuildPhase;
			buildActionMask = 2147483647;
			files = (
				37E4174E2DCC88CD00DB42E0 /* Preview Assets.xcassets in Resources */,
				37E4174B2DCC88CD00DB42E0 /* Assets.xcassets in Resources */,
			);
			runOnlyForDeploymentPostprocessing = 0;
		};
		37E417512DCC88CD00DB42E0 /* Resources */ = {
			isa = PBXResourcesBuildPhase;
			buildActionMask = 2147483647;
			files = (
			);
			runOnlyForDeploymentPostprocessing = 0;
		};
		37E4175B2DCC88CD00DB42E0 /* Resources */ = {
			isa = PBXResourcesBuildPhase;
			buildActionMask = 2147483647;
			files = (
			);
			runOnlyForDeploymentPostprocessing = 0;
		};
/* End PBXResourcesBuildPhase section */

/* Begin PBXSourcesBuildPhase section */
		37E4173F2DCC88CC00DB42E0 /* Sources */ = {
			isa = PBXSourcesBuildPhase;
			buildActionMask = 2147483647;
			files = (
				37E417492DCC88CC00DB42E0 /* ContentView.swift in Sources */,
				37E4177A2DCD786B00DB42E0 /* ScanViewController.swift in Sources */,
				37E417742DCC92DA00DB42E0 /* ScanView.swift in Sources */,
				37E417762DCC94EC00DB42E0 /* ScanTableViewCell.swift in Sources */,
				37E417472DCC88CC00DB42E0 /* CBDemoApp.swift in Sources */,
				37E417722DCC8C5C00DB42E0 /* BluetoothSerial.swift in Sources */,
			);
			runOnlyForDeploymentPostprocessing = 0;
		};
		37E4174F2DCC88CD00DB42E0 /* Sources */ = {
			isa = PBXSourcesBuildPhase;
			buildActionMask = 2147483647;
			files = (
				37E417582DCC88CD00DB42E0 /* CBDemoTests.swift in Sources */,
			);
			runOnlyForDeploymentPostprocessing = 0;
		};
		37E417592DCC88CD00DB42E0 /* Sources */ = {
			isa = PBXSourcesBuildPhase;
			buildActionMask = 2147483647;
			files = (
				37E417642DCC88CD00DB42E0 /* CBDemoUITestsLaunchTests.swift in Sources */,
				37E417622DCC88CD00DB42E0 /* CBDemoUITests.swift in Sources */,
			);
			runOnlyForDeploymentPostprocessing = 0;
		};
/* End PBXSourcesBuildPhase section */

/* Begin PBXTargetDependency section */
		37E417552DCC88CD00DB42E0 /* PBXTargetDependency */ = {
			isa = PBXTargetDependency;
			target = 37E417422DCC88CC00DB42E0 /* CBDemo */;
			targetProxy = 37E417542DCC88CD00DB42E0 /* PBXContainerItemProxy */;
		};
		37E4175F2DCC88CD00DB42E0 /* PBXTargetDependency */ = {
			isa = PBXTargetDependency;
			target = 37E417422DCC88CC00DB42E0 /* CBDemo */;
			targetProxy = 37E4175E2DCC88CD00DB42E0 /* PBXContainerItemProxy */;
		};
/* End PBXTargetDependency section */

/* Begin XCBuildConfiguration section */
		37E417652DCC88CD00DB42E0 /* Debug */ = {
			isa = XCBuildConfiguration;
			buildSettings = {
				ALWAYS_SEARCH_USER_PATHS = NO;
				ASSETCATALOG_COMPILER_GENERATE_SWIFT_ASSET_SYMBOL_EXTENSIONS = YES;
				CLANG_ANALYZER_NONNULL = YES;
				CLANG_ANALYZER_NUMBER_OBJECT_CONVERSION = YES_AGGRESSIVE;
				CLANG_CXX_LANGUAGE_STANDARD = "gnu++20";
				CLANG_ENABLE_MODULES = YES;
				CLANG_ENABLE_OBJC_ARC = YES;
				CLANG_ENABLE_OBJC_WEAK = YES;
				CLANG_WARN_BLOCK_CAPTURE_AUTORELEASING = YES;
				CLANG_WARN_BOOL_CONVERSION = YES;
				CLANG_WARN_COMMA = YES;
				CLANG_WARN_CONSTANT_CONVERSION = YES;
				CLANG_WARN_DEPRECATED_OBJC_IMPLEMENTATIONS = YES;
				CLANG_WARN_DIRECT_OBJC_ISA_USAGE = YES_ERROR;
				CLANG_WARN_DOCUMENTATION_COMMENTS = YES;
				CLANG_WARN_EMPTY_BODY = YES;
				CLANG_WARN_ENUM_CONVERSION = YES;
				CLANG_WARN_INFINITE_RECURSION = YES;
				CLANG_WARN_INT_CONVERSION = YES;
				CLANG_WARN_NON_LITERAL_NULL_CONVERSION = YES;
				CLANG_WARN_OBJC_IMPLICIT_RETAIN_SELF = YES;
				CLANG_WARN_OBJC_LITERAL_CONVERSION = YES;
				CLANG_WARN_OBJC_ROOT_CLASS = YES_ERROR;
				CLANG_WARN_QUOTED_INCLUDE_IN_FRAMEWORK_HEADER = YES;
				CLANG_WARN_RANGE_LOOP_ANALYSIS = YES;
				CLANG_WARN_STRICT_PROTOTYPES = YES;
				CLANG_WARN_SUSPICIOUS_MOVE = YES;
				CLANG_WARN_UNGUARDED_AVAILABILITY = YES_AGGRESSIVE;
				CLANG_WARN_UNREACHABLE_CODE = YES;
				CLANG_WARN__DUPLICATE_METHOD_MATCH = YES;
				COPY_PHASE_STRIP = NO;
				DEBUG_INFORMATION_FORMAT = dwarf;
				ENABLE_STRICT_OBJC_MSGSEND = YES;
				ENABLE_TESTABILITY = YES;
				ENABLE_USER_SCRIPT_SANDBOXING = YES;
				GCC_C_LANGUAGE_STANDARD = gnu17;
				GCC_DYNAMIC_NO_PIC = NO;
				GCC_NO_COMMON_BLOCKS = YES;
				GCC_OPTIMIZATION_LEVEL = 0;
				GCC_PREPROCESSOR_DEFINITIONS = (
					"DEBUG=1",
					"$(inherited)",
				);
				GCC_WARN_64_TO_32_BIT_CONVERSION = YES;
				GCC_WARN_ABOUT_RETURN_TYPE = YES_ERROR;
				GCC_WARN_UNDECLARED_SELECTOR = YES;
				GCC_WARN_UNINITIALIZED_AUTOS = YES_AGGRESSIVE;
				GCC_WARN_UNUSED_FUNCTION = YES;
				GCC_WARN_UNUSED_VARIABLE = YES;
				IPHONEOS_DEPLOYMENT_TARGET = 17.4;
				LOCALIZATION_PREFERS_STRING_CATALOGS = YES;
				MTL_ENABLE_DEBUG_INFO = INCLUDE_SOURCE;
				MTL_FAST_MATH = YES;
				ONLY_ACTIVE_ARCH = YES;
				SDKROOT = iphoneos;
				SWIFT_ACTIVE_COMPILATION_CONDITIONS = "DEBUG $(inherited)";
				SWIFT_OPTIMIZATION_LEVEL = "-Onone";
			};
			name = Debug;
		};
		37E417662DCC88CD00DB42E0 /* Release */ = {
			isa = XCBuildConfiguration;
			buildSettings = {
				ALWAYS_SEARCH_USER_PATHS = NO;
				ASSETCATALOG_COMPILER_GENERATE_SWIFT_ASSET_SYMBOL_EXTENSIONS = YES;
				CLANG_ANALYZER_NONNULL = YES;
				CLANG_ANALYZER_NUMBER_OBJECT_CONVERSION = YES_AGGRESSIVE;
				CLANG_CXX_LANGUAGE_STANDARD = "gnu++20";
				CLANG_ENABLE_MODULES = YES;
				CLANG_ENABLE_OBJC_ARC = YES;
				CLANG_ENABLE_OBJC_WEAK = YES;
				CLANG_WARN_BLOCK_CAPTURE_AUTORELEASING = YES;
				CLANG_WARN_BOOL_CONVERSION = YES;
				CLANG_WARN_COMMA = YES;
				CLANG_WARN_CONSTANT_CONVERSION = YES;
				CLANG_WARN_DEPRECATED_OBJC_IMPLEMENTATIONS = YES;
				CLANG_WARN_DIRECT_OBJC_ISA_USAGE = YES_ERROR;
				CLANG_WARN_DOCUMENTATION_COMMENTS = YES;
				CLANG_WARN_EMPTY_BODY = YES;
				CLANG_WARN_ENUM_CONVERSION = YES;
				CLANG_WARN_INFINITE_RECURSION = YES;
				CLANG_WARN_INT_CONVERSION = YES;
				CLANG_WARN_NON_LITERAL_NULL_CONVERSION = YES;
				CLANG_WARN_OBJC_IMPLICIT_RETAIN_SELF = YES;
				CLANG_WARN_OBJC_LITERAL_CONVERSION = YES;
				CLANG_WARN_OBJC_ROOT_CLASS = YES_ERROR;
				CLANG_WARN_QUOTED_INCLUDE_IN_FRAMEWORK_HEADER = YES;
				CLANG_WARN_RANGE_LOOP_ANALYSIS = YES;
				CLANG_WARN_STRICT_PROTOTYPES = YES;
				CLANG_WARN_SUSPICIOUS_MOVE = YES;
				CLANG_WARN_UNGUARDED_AVAILABILITY = YES_AGGRESSIVE;
				CLANG_WARN_UNREACHABLE_CODE = YES;
				CLANG_WARN__DUPLICATE_METHOD_MATCH = YES;
				COPY_PHASE_STRIP = NO;
				DEBUG_INFORMATION_FORMAT = "dwarf-with-dsym";
				ENABLE_NS_ASSERTIONS = NO;
				ENABLE_STRICT_OBJC_MSGSEND = YES;
				ENABLE_USER_SCRIPT_SANDBOXING = YES;
				GCC_C_LANGUAGE_STANDARD = gnu17;
				GCC_NO_COMMON_BLOCKS = YES;
				GCC_WARN_64_TO_32_BIT_CONVERSION = YES;
				GCC_WARN_ABOUT_RETURN_TYPE = YES_ERROR;
				GCC_WARN_UNDECLARED_SELECTOR = YES;
				GCC_WARN_UNINITIALIZED_AUTOS = YES_AGGRESSIVE;
				GCC_WARN_UNUSED_FUNCTION = YES;
				GCC_WARN_UNUSED_VARIABLE = YES;
				IPHONEOS_DEPLOYMENT_TARGET = 17.4;
				LOCALIZATION_PREFERS_STRING_CATALOGS = YES;
				MTL_ENABLE_DEBUG_INFO = NO;
				MTL_FAST_MATH = YES;
				SDKROOT = iphoneos;
				SWIFT_COMPILATION_MODE = wholemodule;
				VALIDATE_PRODUCT = YES;
			};
			name = Release;
		};
		37E417682DCC88CD00DB42E0 /* Debug */ = {
			isa = XCBuildConfiguration;
			buildSettings = {
				ASSETCATALOG_COMPILER_APPICON_NAME = AppIcon;
				ASSETCATALOG_COMPILER_GLOBAL_ACCENT_COLOR_NAME = AccentColor;
				CODE_SIGN_STYLE = Automatic;
				CURRENT_PROJECT_VERSION = 1;
				DEVELOPMENT_ASSET_PATHS = "\"CBDemo/Preview Content\"";
				DEVELOPMENT_TEAM = 977T7GZZBD;
				ENABLE_PREVIEWS = YES;
				GENERATE_INFOPLIST_FILE = YES;
				INFOPLIST_KEY_NSBluetoothAlwaysUsageDescription = "주변 블루투스 기기 검색을 위해 권한을 허용해주세요.";
				INFOPLIST_KEY_UIApplicationSceneManifest_Generation = YES;
				INFOPLIST_KEY_UIApplicationSupportsIndirectInputEvents = YES;
				INFOPLIST_KEY_UILaunchScreen_Generation = YES;
				INFOPLIST_KEY_UISupportedInterfaceOrientations_iPad = "UIInterfaceOrientationPortrait UIInterfaceOrientationPortraitUpsideDown UIInterfaceOrientationLandscapeLeft UIInterfaceOrientationLandscapeRight";
				INFOPLIST_KEY_UISupportedInterfaceOrientations_iPhone = "UIInterfaceOrientationPortrait UIInterfaceOrientationLandscapeLeft UIInterfaceOrientationLandscapeRight";
				LD_RUNPATH_SEARCH_PATHS = (
					"$(inherited)",
					"@executable_path/Frameworks",
				);
				MARKETING_VERSION = 1.0;
				PRODUCT_BUNDLE_IDENTIFIER = com.test.CBDemo;
				PRODUCT_NAME = "$(TARGET_NAME)";
				SWIFT_EMIT_LOC_STRINGS = YES;
				SWIFT_VERSION = 5.0;
				TARGETED_DEVICE_FAMILY = "1,2";
			};
			name = Debug;
		};
		37E417692DCC88CD00DB42E0 /* Release */ = {
			isa = XCBuildConfiguration;
			buildSettings = {
				ASSETCATALOG_COMPILER_APPICON_NAME = AppIcon;
				ASSETCATALOG_COMPILER_GLOBAL_ACCENT_COLOR_NAME = AccentColor;
				CODE_SIGN_STYLE = Automatic;
				CURRENT_PROJECT_VERSION = 1;
				DEVELOPMENT_ASSET_PATHS = "\"CBDemo/Preview Content\"";
				DEVELOPMENT_TEAM = 977T7GZZBD;
				ENABLE_PREVIEWS = YES;
				GENERATE_INFOPLIST_FILE = YES;
				INFOPLIST_KEY_NSBluetoothAlwaysUsageDescription = "주변 블루투스 기기 검색을 위해 권한을 허용해주세요.";
				INFOPLIST_KEY_UIApplicationSceneManifest_Generation = YES;
				INFOPLIST_KEY_UIApplicationSupportsIndirectInputEvents = YES;
				INFOPLIST_KEY_UILaunchScreen_Generation = YES;
				INFOPLIST_KEY_UISupportedInterfaceOrientations_iPad = "UIInterfaceOrientationPortrait UIInterfaceOrientationPortraitUpsideDown UIInterfaceOrientationLandscapeLeft UIInterfaceOrientationLandscapeRight";
				INFOPLIST_KEY_UISupportedInterfaceOrientations_iPhone = "UIInterfaceOrientationPortrait UIInterfaceOrientationLandscapeLeft UIInterfaceOrientationLandscapeRight";
				LD_RUNPATH_SEARCH_PATHS = (
					"$(inherited)",
					"@executable_path/Frameworks",
				);
				MARKETING_VERSION = 1.0;
				PRODUCT_BUNDLE_IDENTIFIER = com.test.CBDemo;
				PRODUCT_NAME = "$(TARGET_NAME)";
				SWIFT_EMIT_LOC_STRINGS = YES;
				SWIFT_VERSION = 5.0;
				TARGETED_DEVICE_FAMILY = "1,2";
			};
			name = Release;
		};
		37E4176B2DCC88CD00DB42E0 /* Debug */ = {
			isa = XCBuildConfiguration;
			buildSettings = {
				ALWAYS_EMBED_SWIFT_STANDARD_LIBRARIES = YES;
				BUNDLE_LOADER = "$(TEST_HOST)";
				CODE_SIGN_STYLE = Automatic;
				CURRENT_PROJECT_VERSION = 1;
				DEVELOPMENT_TEAM = 977T7GZZBD;
				GENERATE_INFOPLIST_FILE = YES;
				IPHONEOS_DEPLOYMENT_TARGET = 17.4;
				MARKETING_VERSION = 1.0;
				PRODUCT_BUNDLE_IDENTIFIER = com.test.CBDemoTests;
				PRODUCT_NAME = "$(TARGET_NAME)";
				SWIFT_EMIT_LOC_STRINGS = NO;
				SWIFT_VERSION = 5.0;
				TARGETED_DEVICE_FAMILY = "1,2";
				TEST_HOST = "$(BUILT_PRODUCTS_DIR)/CBDemo.app/$(BUNDLE_EXECUTABLE_FOLDER_PATH)/CBDemo";
			};
			name = Debug;
		};
		37E4176C2DCC88CD00DB42E0 /* Release */ = {
			isa = XCBuildConfiguration;
			buildSettings = {
				ALWAYS_EMBED_SWIFT_STANDARD_LIBRARIES = YES;
				BUNDLE_LOADER = "$(TEST_HOST)";
				CODE_SIGN_STYLE = Automatic;
				CURRENT_PROJECT_VERSION = 1;
				DEVELOPMENT_TEAM = 977T7GZZBD;
				GENERATE_INFOPLIST_FILE = YES;
				IPHONEOS_DEPLOYMENT_TARGET = 17.4;
				MARKETING_VERSION = 1.0;
				PRODUCT_BUNDLE_IDENTIFIER = com.test.CBDemoTests;
				PRODUCT_NAME = "$(TARGET_NAME)";
				SWIFT_EMIT_LOC_STRINGS = NO;
				SWIFT_VERSION = 5.0;
				TARGETED_DEVICE_FAMILY = "1,2";
				TEST_HOST = "$(BUILT_PRODUCTS_DIR)/CBDemo.app/$(BUNDLE_EXECUTABLE_FOLDER_PATH)/CBDemo";
			};
			name = Release;
		};
		37E4176E2DCC88CD00DB42E0 /* Debug */ = {
			isa = XCBuildConfiguration;
			buildSettings = {
				ALWAYS_EMBED_SWIFT_STANDARD_LIBRARIES = YES;
				CODE_SIGN_STYLE = Automatic;
				CURRENT_PROJECT_VERSION = 1;
				DEVELOPMENT_TEAM = 977T7GZZBD;
				GENERATE_INFOPLIST_FILE = YES;
				MARKETING_VERSION = 1.0;
				PRODUCT_BUNDLE_IDENTIFIER = com.test.CBDemoUITests;
				PRODUCT_NAME = "$(TARGET_NAME)";
				SWIFT_EMIT_LOC_STRINGS = NO;
				SWIFT_VERSION = 5.0;
				TARGETED_DEVICE_FAMILY = "1,2";
				TEST_TARGET_NAME = CBDemo;
			};
			name = Debug;
		};
		37E4176F2DCC88CD00DB42E0 /* Release */ = {
			isa = XCBuildConfiguration;
			buildSettings = {
				ALWAYS_EMBED_SWIFT_STANDARD_LIBRARIES = YES;
				CODE_SIGN_STYLE = Automatic;
				CURRENT_PROJECT_VERSION = 1;
				DEVELOPMENT_TEAM = 977T7GZZBD;
				GENERATE_INFOPLIST_FILE = YES;
				MARKETING_VERSION = 1.0;
				PRODUCT_BUNDLE_IDENTIFIER = com.test.CBDemoUITests;
				PRODUCT_NAME = "$(TARGET_NAME)";
				SWIFT_EMIT_LOC_STRINGS = NO;
				SWIFT_VERSION = 5.0;
				TARGETED_DEVICE_FAMILY = "1,2";
				TEST_TARGET_NAME = CBDemo;
			};
			name = Release;
		};
/* End XCBuildConfiguration section */

/* Begin XCConfigurationList section */
		37E4173E2DCC88CC00DB42E0 /* Build configuration list for PBXProject "CBDemo" */ = {
			isa = XCConfigurationList;
			buildConfigurations = (
				37E417652DCC88CD00DB42E0 /* Debug */,
				37E417662DCC88CD00DB42E0 /* Release */,
			);
			defaultConfigurationIsVisible = 0;
			defaultConfigurationName = Release;
		};
		37E417672DCC88CD00DB42E0 /* Build configuration list for PBXNativeTarget "CBDemo" */ = {
			isa = XCConfigurationList;
			buildConfigurations = (
				37E417682DCC88CD00DB42E0 /* Debug */,
				37E417692DCC88CD00DB42E0 /* Release */,
			);
			defaultConfigurationIsVisible = 0;
			defaultConfigurationName = Release;
		};
		37E4176A2DCC88CD00DB42E0 /* Build configuration list for PBXNativeTarget "CBDemoTests" */ = {
			isa = XCConfigurationList;
			buildConfigurations = (
				37E4176B2DCC88CD00DB42E0 /* Debug */,
				37E4176C2DCC88CD00DB42E0 /* Release */,
			);
			defaultConfigurationIsVisible = 0;
			defaultConfigurationName = Release;
		};
		37E4176D2DCC88CD00DB42E0 /* Build configuration list for PBXNativeTarget "CBDemoUITests" */ = {
			isa = XCConfigurationList;
			buildConfigurations = (
				37E4176E2DCC88CD00DB42E0 /* Debug */,
				37E4176F2DCC88CD00DB42E0 /* Release */,
			);
			defaultConfigurationIsVisible = 0;
			defaultConfigurationName = Release;
		};
/* End XCConfigurationList section */
	};
	rootObject = 37E4173B2DCC88CC00DB42E0 /* Project object */;
}
